
Microsoft Visual Studio Solution File, Format Version 12.00
# Visual Studio 15
VisualStudioVersion = 15.0.27703.2042
MinimumVisualStudioVersion = 10.0.40219.1
Project("{9A19103F-16F7-4668-BE54-9A1E7A4F7556}") = "TestZeroMq", "TestZeroMq\TestZeroMq.csproj", "{4FBED15B-9D8E-4441-8C9C-75625538436B}"
EndProject
Project("{FAE04EC0-301F-11D3-BF4B-00C04F79EFBC}") = "ClientApp", "ClientApp\ClientApp.csproj", "{6B467A61-256F-44D4-B70C-B6CE88E64EB2}"
EndProject
Project("{FAE04EC0-301F-11D3-BF4B-00C04F79EFBC}") = "ServerApp", "ServerApp\ServerApp.csproj", "{A7336516-DA8D-49F2-BB6B-9005D0C24F49}"
EndProject
Global
	GlobalSection(SolutionConfigurationPlatforms) = preSolution
		Debug|Any CPU = Debug|Any CPU
		Release|Any CPU = Release|Any CPU
	EndGlobalSection
	GlobalSection(ProjectConfigurationPlatforms) = postSolution
		{4FBED15B-9D8E-4441-8C9C-75625538436B}.Debug|Any CPU.ActiveCfg = Debug|Any CPU
		{4FBED15B-9D8E-4441-8C9C-75625538436B}.Debug|Any CPU.Build.0 = Debug|Any CPU
		{4FBED15B-9D8E-4441-8C9C-75625538436B}.Release|Any CPU.ActiveCfg = Release|Any CPU
		{4FBED15B-9D8E-4441-8C9C-75625538436B}.Release|Any CPU.Build.0 = Release|Any CPU
		{6B467A61-256F-44D4-B70C-B6CE88E64EB2}.Debug|Any CPU.ActiveCfg = Debug|x64
		{6B467A61-256F-44D4-B70C-B6CE88E64EB2}.Debug|Any CPU.Build.0 = Debug|x64
		{6B467A61-256F-44D4-B70C-B6CE88E64EB2}.Release|Any CPU.ActiveCfg = Release|Any CPU
		{6B467A61-256F-44D4-B70C-B6CE88E64EB2}.Release|Any CPU.Build.0 = Release|Any CPU
		{A7336516-DA8D-49F2-BB6B-9005D0C24F49}.Debug|Any CPU.ActiveCfg = Debug|x64
		{A7336516-DA8D-49F2-BB6B-9005D0C24F49}.Debug|Any CPU.Build.0 = Debug|x64
		{A7336516-DA8D-49F2-BB6B-9005D0C24F49}.Release|Any CPU.ActiveCfg = Release|Any CPU
		{A7336516-DA8D-49F2-BB6B-9005D0C24F49}.Release|Any CPU.Build.0 = Release|Any CPU
	EndGlobalSection
	GlobalSection(SolutionProperties) = preSolution
		HideSolutionNode = FALSE
	EndGlobalSection
	GlobalSection(ExtensibilityGlobals) = postSolution
		SolutionGuid = {672F8E36-902C-474F-A9AB-2E96F3D65AF4}
	EndGlobalSection
EndGlobal
